
Microsoft Visual Studio Solution File, Format Version 12.00
# Visual Studio Version 17
VisualStudioVersion = 17.8.34408.163
MinimumVisualStudioVersion = 10.0.40219.1
Project("{9A19103F-16F7-4668-BE54-9A1E7A4F7556}") = "AdvancedImmutableCollections", "AdvancedImmutableCollections\AdvancedImmutableCollections.csproj", "{0880B6C8-EEC6-4DEE-9F58-6EC69EF086AF}"
EndProject
Project("{FAE04EC0-301F-11D3-BF4B-00C04F79EFBC}") = "AdvancedImmutableCollections.Tests", "AdvancedImmutableCollections.Tests\AdvancedImmutableCollections.Tests.csproj", "{3222479C-5F39-4901-8733-07A62599F8AC}"
EndProject
Global
	GlobalSection(SolutionConfigurationPlatforms) = preSolution
		Debug|Any CPU = Debug|Any CPU
		Release|Any CPU = Release|Any CPU
	EndGlobalSection
	GlobalSection(ProjectConfigurationPlatforms) = postSolution
		{0880B6C8-EEC6-4DEE-9F58-6EC69EF086AF}.Debug|Any CPU.ActiveCfg = Debug|Any CPU
		{0880B6C8-EEC6-4DEE-9F58-6EC69EF086AF}.Debug|Any CPU.Build.0 = Debug|Any CPU
		{0880B6C8-EEC6-4DEE-9F58-6EC69EF086AF}.Release|Any CPU.ActiveCfg = Release|Any CPU
		{0880B6C8-EEC6-4DEE-9F58-6EC69EF086AF}.Release|Any CPU.Build.0 = Release|Any CPU
		{3222479C-5F39-4901-8733-07A62599F8AC}.Debug|Any CPU.ActiveCfg = Debug|Any CPU
		{3222479C-5F39-4901-8733-07A62599F8AC}.Debug|Any CPU.Build.0 = Debug|Any CPU
		{3222479C-5F39-4901-8733-07A62599F8AC}.Release|Any CPU.ActiveCfg = Release|Any CPU
		{3222479C-5F39-4901-8733-07A62599F8AC}.Release|Any CPU.Build.0 = Release|Any CPU
	EndGlobalSection
	GlobalSection(SolutionProperties) = preSolution
		HideSolutionNode = FALSE
	EndGlobalSection
	GlobalSection(ExtensibilityGlobals) = postSolution
		SolutionGuid = {61FF885D-3B1E-4EAE-9170-F2C68F1C26FB}
	EndGlobalSection
EndGlobal
